Microsoft Visual Studio Solution File, Format Version 11.00
# Visual Studio 2008

Project("{15F6F7FA-4EA4-6FC1-F7EB-8A5160ACC75A}") = "GameDevWare.TextTransform.Unity.5.4", "Assembly-CSharp-Editor.csproj", "{4E26310D-5B78-6C39-1C87-4B7E694B112F}"
EndProject
Global
	GlobalSection(SolutionConfigurationPlatforms) = preSolution
		Debug|Any CPU = Debug|Any CPU
		Release|Any CPU = Release|Any CPU
	EndGlobalSection
	GlobalSection(ProjectConfigurationPlatforms) = postSolution
		{4E26310D-5B78-6C39-1C87-4B7E694B112F}.Debug|Any CPU.ActiveCfg = Debug|Any CPU
		{4E26310D-5B78-6C39-1C87-4B7E694B112F}.Debug|Any CPU.Build.0 = Debug|Any CPU
		{4E26310D-5B78-6C39-1C87-4B7E694B112F}.Release|Any CPU.ActiveCfg = Release|Any CPU
		{4E26310D-5B78-6C39-1C87-4B7E694B112F}.Release|Any CPU.Build.0 = Release|Any CPU
	EndGlobalSection
	GlobalSection(SolutionProperties) = preSolution
		HideSolutionNode = FALSE
	EndGlobalSection
	GlobalSection(MonoDevelopProperties) = preSolution
		StartupItem = Assembly-CSharp.csproj
	EndGlobalSection
EndGlobal
